{
  "name": "server",
  "version": "1.0.0",
  "lockfileVersion": 1,
  "requires": true,
  "dependencies": {
    "@ahrakio/witty-core": {
      "version": "file:../../witty-core/ahrakio-witty-core-1.0.5.tgz",
      "integrity": "sha512-8MpMpkjq5PQ4AiwR0gmR0Y7jXeH8L23kzmHgH9ls1tcCOepK6tk4oGkzPJqTBOqznfBiWhtutQyZqa025uqZwA=="
    }
  }
}
