{
  "name": "server",
  "version": "1.0.0",
  "lockfileVersion": 1,
  "requires": true,
  "dependencies": {
    "@ahrakio/witty-core": {
      "version": "file:../../witty-core/ahrakio-witty-core-1.0.5.tgz",
      "integrity": "sha512-wfMKmflPXMiu9ezXtxEzrWR2wbpa8q8cbl01PhzcMi9mQ78rdhJ1c3q6ut94MfHi2+icVvkwBgZuwezqQeQogQ=="
    }
  }
}
